
Microsoft Visual Studio Solution File, Format Version 12.00
# Visual Studio 14
VisualStudioVersion = 14.0.25420.1
MinimumVisualStudioVersion = 10.0.40219.1
Project("{FAE04EC0-301F-11D3-BF4B-00C04F79EFBC}") = "MyShoppingList", "ShoppingList\ShoppingList\MyShoppingList.csproj", "{74958E97-1F17-4D6C-BDF7-D1EF95E1D87D}"
EndProject
Project("{FAE04EC0-301F-11D3-BF4B-00C04F79EFBC}") = "MyShoppingList.Droid", "ShoppingList\ShoppingList.Droid\MyShoppingList.Droid.csproj", "{4C144CCF-39F6-4655-8905-E0AEC359F8E2}"
EndProject
Project("{FAE04EC0-301F-11D3-BF4B-00C04F79EFBC}") = "MyShoppingList.iOS", "ShoppingList\ShoppingList.iOS\MyShoppingList.iOS.csproj", "{59BA9948-5124-407D-B5BA-E836321B534C}"
EndProject
Project("{FAE04EC0-301F-11D3-BF4B-00C04F79EFBC}") = "MyShoppingList.Model", "ShoppingList.Model\MyShoppingList.Model.csproj", "{7003466E-2ABE-412D-9596-84E16B8F6FC5}"
EndProject
Global
	GlobalSection(SolutionConfigurationPlatforms) = preSolution
		Ad-Hoc|Any CPU = Ad-Hoc|Any CPU
		Ad-Hoc|iPhone = Ad-Hoc|iPhone
		Ad-Hoc|iPhoneSimulator = Ad-Hoc|iPhoneSimulator
		AppStore|Any CPU = AppStore|Any CPU
		AppStore|iPhone = AppStore|iPhone
		AppStore|iPhoneSimulator = AppStore|iPhoneSimulator
		Debug|Any CPU = Debug|Any CPU
		Debug|iPhone = Debug|iPhone
		Debug|iPhoneSimulator = Debug|iPhoneSimulator
		Release|Any CPU = Release|Any CPU
		Release|iPhone = Release|iPhone
		Release|iPhoneSimulator = Release|iPhoneSimulator
	EndGlobalSection
	GlobalSection(ProjectConfigurationPlatforms) = postSolution
		{74958E97-1F17-4D6C-BDF7-D1EF95E1D87D}.Ad-Hoc|Any CPU.ActiveCfg = Release|Any CPU
		{74958E97-1F17-4D6C-BDF7-D1EF95E1D87D}.Ad-Hoc|Any CPU.Build.0 = Release|Any CPU
		{74958E97-1F17-4D6C-BDF7-D1EF95E1D87D}.Ad-Hoc|iPhone.ActiveCfg = Release|Any CPU
		{74958E97-1F17-4D6C-BDF7-D1EF95E1D87D}.Ad-Hoc|iPhone.Build.0 = Release|Any CPU
		{74958E97-1F17-4D6C-BDF7-D1EF95E1D87D}.Ad-Hoc|iPhoneSimulator.ActiveCfg = Release|Any CPU
		{74958E97-1F17-4D6C-BDF7-D1EF95E1D87D}.Ad-Hoc|iPhoneSimulator.Build.0 = Release|Any CPU
		{74958E97-1F17-4D6C-BDF7-D1EF95E1D87D}.AppStore|Any CPU.ActiveCfg = Release|Any CPU
		{74958E97-1F17-4D6C-BDF7-D1EF95E1D87D}.AppStore|Any CPU.Build.0 = Release|Any CPU
		{74958E97-1F17-4D6C-BDF7-D1EF95E1D87D}.AppStore|iPhone.ActiveCfg = Release|Any CPU
		{74958E97-1F17-4D6C-BDF7-D1EF95E1D87D}.AppStore|iPhone.Build.0 = Release|Any CPU
		{74958E97-1F17-4D6C-BDF7-D1EF95E1D87D}.AppStore|iPhoneSimulator.ActiveCfg = Release|Any CPU
		{74958E97-1F17-4D6C-BDF7-D1EF95E1D87D}.AppStore|iPhoneSimulator.Build.0 = Release|Any CPU
		{74958E97-1F17-4D6C-BDF7-D1EF95E1D87D}.Debug|Any CPU.ActiveCfg = Debug|Any CPU
		{74958E97-1F17-4D6C-BDF7-D1EF95E1D87D}.Debug|Any CPU.Build.0 = Debug|Any CPU
		{74958E97-1F17-4D6C-BDF7-D1EF95E1D87D}.Debug|iPhone.ActiveCfg = Debug|Any CPU
		{74958E97-1F17-4D6C-BDF7-D1EF95E1D87D}.Debug|iPhone.Build.0 = Debug|Any CPU
		{74958E97-1F17-4D6C-BDF7-D1EF95E1D87D}.Debug|iPhoneSimulator.ActiveCfg = Debug|Any CPU
		{74958E97-1F17-4D6C-BDF7-D1EF95E1D87D}.Debug|iPhoneSimulator.Build.0 = Debug|Any CPU
		{74958E97-1F17-4D6C-BDF7-D1EF95E1D87D}.Release|Any CPU.ActiveCfg = Release|Any CPU
		{74958E97-1F17-4D6C-BDF7-D1EF95E1D87D}.Release|Any CPU.Build.0 = Release|Any CPU
		{74958E97-1F17-4D6C-BDF7-D1EF95E1D87D}.Release|iPhone.ActiveCfg = Release|Any CPU
		{74958E97-1F17-4D6C-BDF7-D1EF95E1D87D}.Release|iPhone.Build.0 = Release|Any CPU
		{74958E97-1F17-4D6C-BDF7-D1EF95E1D87D}.Release|iPhoneSimulator.ActiveCfg = Release|Any CPU
		{74958E97-1F17-4D6C-BDF7-D1EF95E1D87D}.Release|iPhoneSimulator.Build.0 = Release|Any CPU
		{4C144CCF-39F6-4655-8905-E0AEC359F8E2}.Ad-Hoc|Any CPU.ActiveCfg = Release|Any CPU
		{4C144CCF-39F6-4655-8905-E0AEC359F8E2}.Ad-Hoc|Any CPU.Build.0 = Release|Any CPU
		{4C144CCF-39F6-4655-8905-E0AEC359F8E2}.Ad-Hoc|Any CPU.Deploy.0 = Release|Any CPU
		{4C144CCF-39F6-4655-8905-E0AEC359F8E2}.Ad-Hoc|iPhone.ActiveCfg = Release|Any CPU
		{4C144CCF-39F6-4655-8905-E0AEC359F8E2}.Ad-Hoc|iPhone.Build.0 = Release|Any CPU
		{4C144CCF-39F6-4655-8905-E0AEC359F8E2}.Ad-Hoc|iPhone.Deploy.0 = Release|Any CPU
		{4C144CCF-39F6-4655-8905-E0AEC359F8E2}.Ad-Hoc|iPhoneSimulator.ActiveCfg = Release|Any CPU
		{4C144CCF-39F6-4655-8905-E0AEC359F8E2}.Ad-Hoc|iPhoneSimulator.Build.0 = Release|Any CPU
		{4C144CCF-39F6-4655-8905-E0AEC359F8E2}.Ad-Hoc|iPhoneSimulator.Deploy.0 = Release|Any CPU
		{4C144CCF-39F6-4655-8905-E0AEC359F8E2}.AppStore|Any CPU.ActiveCfg = Release|Any CPU
		{4C144CCF-39F6-4655-8905-E0AEC359F8E2}.AppStore|Any CPU.Build.0 = Release|Any CPU
		{4C144CCF-39F6-4655-8905-E0AEC359F8E2}.AppStore|Any CPU.Deploy.0 = Release|Any CPU
		{4C144CCF-39F6-4655-8905-E0AEC359F8E2}.AppStore|iPhone.ActiveCfg = Release|Any CPU
		{4C144CCF-39F6-4655-8905-E0AEC359F8E2}.AppStore|iPhone.Build.0 = Release|Any CPU
		{4C144CCF-39F6-4655-8905-E0AEC359F8E2}.AppStore|iPhone.Deploy.0 = Release|Any CPU
		{4C144CCF-39F6-4655-8905-E0AEC359F8E2}.AppStore|iPhoneSimulator.ActiveCfg = Release|Any CPU
		{4C144CCF-39F6-4655-8905-E0AEC359F8E2}.AppStore|iPhoneSimulator.Build.0 = Release|Any CPU
		{4C144CCF-39F6-4655-8905-E0AEC359F8E2}.AppStore|iPhoneSimulator.Deploy.0 = Release|Any CPU
		{4C144CCF-39F6-4655-8905-E0AEC359F8E2}.Debug|Any CPU.ActiveCfg = Debug|Any CPU
		{4C144CCF-39F6-4655-8905-E0AEC359F8E2}.Debug|Any CPU.Build.0 = Debug|Any CPU
		{4C144CCF-39F6-4655-8905-E0AEC359F8E2}.Debug|Any CPU.Deploy.0 = Debug|Any CPU
		{4C144CCF-39F6-4655-8905-E0AEC359F8E2}.Debug|iPhone.ActiveCfg = Debug|Any CPU
		{4C144CCF-39F6-4655-8905-E0AEC359F8E2}.Debug|iPhone.Build.0 = Debug|Any CPU
		{4C144CCF-39F6-4655-8905-E0AEC359F8E2}.Debug|iPhone.Deploy.0 = Debug|Any CPU
		{4C144CCF-39F6-4655-8905-E0AEC359F8E2}.Debug|iPhoneSimulator.ActiveCfg = Debug|Any CPU
		{4C144CCF-39F6-4655-8905-E0AEC359F8E2}.Debug|iPhoneSimulator.Build.0 = Debug|Any CPU
		{4C144CCF-39F6-4655-8905-E0AEC359F8E2}.Debug|iPhoneSimulator.Deploy.0 = Debug|Any CPU
		{4C144CCF-39F6-4655-8905-E0AEC359F8E2}.Release|Any CPU.ActiveCfg = Release|Any CPU
		{4C144CCF-39F6-4655-8905-E0AEC359F8E2}.Release|Any CPU.Build.0 = Release|Any CPU
		{4C144CCF-39F6-4655-8905-E0AEC359F8E2}.Release|Any CPU.Deploy.0 = Release|Any CPU
		{4C144CCF-39F6-4655-8905-E0AEC359F8E2}.Release|iPhone.ActiveCfg = Release|Any CPU
		{4C144CCF-39F6-4655-8905-E0AEC359F8E2}.Release|iPhone.Build.0 = Release|Any CPU
		{4C144CCF-39F6-4655-8905-E0AEC359F8E2}.Release|iPhone.Deploy.0 = Release|Any CPU
		{4C144CCF-39F6-4655-8905-E0AEC359F8E2}.Release|iPhoneSimulator.ActiveCfg = Release|Any CPU
		{4C144CCF-39F6-4655-8905-E0AEC359F8E2}.Release|iPhoneSimulator.Build.0 = Release|Any CPU
		{4C144CCF-39F6-4655-8905-E0AEC359F8E2}.Release|iPhoneSimulator.Deploy.0 = Release|Any CPU
		{59BA9948-5124-407D-B5BA-E836321B534C}.Ad-Hoc|Any CPU.ActiveCfg = Ad-Hoc|iPhone
		{59BA9948-5124-407D-B5BA-E836321B534C}.Ad-Hoc|iPhone.ActiveCfg = Ad-Hoc|iPhone
		{59BA9948-5124-407D-B5BA-E836321B534C}.Ad-Hoc|iPhone.Build.0 = Ad-Hoc|iPhone
		{59BA9948-5124-407D-B5BA-E836321B534C}.Ad-Hoc|iPhoneSimulator.ActiveCfg = Ad-Hoc|iPhoneSimulator
		{59BA9948-5124-407D-B5BA-E836321B534C}.Ad-Hoc|iPhoneSimulator.Build.0 = Ad-Hoc|iPhoneSimulator
		{59BA9948-5124-407D-B5BA-E836321B534C}.AppStore|Any CPU.ActiveCfg = AppStore|iPhone
		{59BA9948-5124-407D-B5BA-E836321B534C}.AppStore|iPhone.ActiveCfg = AppStore|iPhone
		{59BA9948-5124-407D-B5BA-E836321B534C}.AppStore|iPhone.Build.0 = AppStore|iPhone
		{59BA9948-5124-407D-B5BA-E836321B534C}.AppStore|iPhoneSimulator.ActiveCfg = AppStore|iPhoneSimulator
		{59BA9948-5124-407D-B5BA-E836321B534C}.AppStore|iPhoneSimulator.Build.0 = AppStore|iPhoneSimulator
		{59BA9948-5124-407D-B5BA-E836321B534C}.Debug|Any CPU.ActiveCfg = Debug|iPhone
		{59BA9948-5124-407D-B5BA-E836321B534C}.Debug|iPhone.ActiveCfg = Debug|iPhone
		{59BA9948-5124-407D-B5BA-E836321B534C}.Debug|iPhone.Build.0 = Debug|iPhone
		{59BA9948-5124-407D-B5BA-E836321B534C}.Debug|iPhoneSimulator.ActiveCfg = Debug|iPhoneSimulator
		{59BA9948-5124-407D-B5BA-E836321B534C}.Debug|iPhoneSimulator.Build.0 = Debug|iPhoneSimulator
		{59BA9948-5124-407D-B5BA-E836321B534C}.Release|Any CPU.ActiveCfg = Release|iPhone
		{59BA9948-5124-407D-B5BA-E836321B534C}.Release|iPhone.ActiveCfg = Release|iPhone
		{59BA9948-5124-407D-B5BA-E836321B534C}.Release|iPhone.Build.0 = Release|iPhone
		{59BA9948-5124-407D-B5BA-E836321B534C}.Release|iPhoneSimulator.ActiveCfg = Release|iPhoneSimulator
		{59BA9948-5124-407D-B5BA-E836321B534C}.Release|iPhoneSimulator.Build.0 = Release|iPhoneSimulator
		{7003466E-2ABE-412D-9596-84E16B8F6FC5}.Ad-Hoc|Any CPU.ActiveCfg = Release|Any CPU
		{7003466E-2ABE-412D-9596-84E16B8F6FC5}.Ad-Hoc|Any CPU.Build.0 = Release|Any CPU
		{7003466E-2ABE-412D-9596-84E16B8F6FC5}.Ad-Hoc|iPhone.ActiveCfg = Release|Any CPU
		{7003466E-2ABE-412D-9596-84E16B8F6FC5}.Ad-Hoc|iPhone.Build.0 = Release|Any CPU
		{7003466E-2ABE-412D-9596-84E16B8F6FC5}.Ad-Hoc|iPhoneSimulator.ActiveCfg = Release|Any CPU
		{7003466E-2ABE-412D-9596-84E16B8F6FC5}.Ad-Hoc|iPhoneSimulator.Build.0 = Release|Any CPU
		{7003466E-2ABE-412D-9596-84E16B8F6FC5}.AppStore|Any CPU.ActiveCfg = Release|Any CPU
		{7003466E-2ABE-412D-9596-84E16B8F6FC5}.AppStore|Any CPU.Build.0 = Release|Any CPU
		{7003466E-2ABE-412D-9596-84E16B8F6FC5}.AppStore|iPhone.ActiveCfg = Release|Any CPU
		{7003466E-2ABE-412D-9596-84E16B8F6FC5}.AppStore|iPhone.Build.0 = Release|Any CPU
		{7003466E-2ABE-412D-9596-84E16B8F6FC5}.AppStore|iPhoneSimulator.ActiveCfg = Release|Any CPU
		{7003466E-2ABE-412D-9596-84E16B8F6FC5}.AppStore|iPhoneSimulator.Build.0 = Release|Any CPU
		{7003466E-2ABE-412D-9596-84E16B8F6FC5}.Debug|Any CPU.ActiveCfg = Debug|Any CPU
		{7003466E-2ABE-412D-9596-84E16B8F6FC5}.Debug|Any CPU.Build.0 = Debug|Any CPU
		{7003466E-2ABE-412D-9596-84E16B8F6FC5}.Debug|iPhone.ActiveCfg = Debug|Any CPU
		{7003466E-2ABE-412D-9596-84E16B8F6FC5}.Debug|iPhone.Build.0 = Debug|Any CPU
		{7003466E-2ABE-412D-9596-84E16B8F6FC5}.Debug|iPhoneSimulator.ActiveCfg = Debug|Any CPU
		{7003466E-2ABE-412D-9596-84E16B8F6FC5}.Debug|iPhoneSimulator.Build.0 = Debug|Any CPU
		{7003466E-2ABE-412D-9596-84E16B8F6FC5}.Release|Any CPU.ActiveCfg = Release|Any CPU
		{7003466E-2ABE-412D-9596-84E16B8F6FC5}.Release|Any CPU.Build.0 = Release|Any CPU
		{7003466E-2ABE-412D-9596-84E16B8F6FC5}.Release|iPhone.ActiveCfg = Release|Any CPU
		{7003466E-2ABE-412D-9596-84E16B8F6FC5}.Release|iPhone.Build.0 = Release|Any CPU
		{7003466E-2ABE-412D-9596-84E16B8F6FC5}.Release|iPhoneSimulator.ActiveCfg = Release|Any CPU
		{7003466E-2ABE-412D-9596-84E16B8F6FC5}.Release|iPhoneSimulator.Build.0 = Release|Any CPU
	EndGlobalSection
	GlobalSection(SolutionProperties) = preSolution
		HideSolutionNode = FALSE
	EndGlobalSection
EndGlobal
